{
  "name": "@grame/guidolib",
  "version": "1.7.01",
  "lockfileVersion": 1,
  "requires": true,
  "dependencies": {
    "@types/emscripten": {
      "version": "1.39.4",
      "resolved": "https://registry.npmjs.org/@types/emscripten/-/emscripten-1.39.4.tgz",
      "integrity": "sha512-k3LLVMFrdNA9UCvMDPWMbFrGPNb+GcPyw29ktJTo1RCN7RmxFG5XzPZcPKRlnLuLT/FRm8wp4ohvDwNY7GlROQ=="
    }
  }
}
